
Microsoft Visual Studio Solution File, Format Version 12.00
# Visual Studio Version 17
VisualStudioVersion = 17.13.35913.81 d17.13
MinimumVisualStudioVersion = 10.0.40219.1
Project("{FAE04EC0-301F-11D3-BF4B-00C04F79EFBC}") = "ATM_API", "ATM_API.csproj", "{FD006349-A508-48AB-94D2-2ADF6B5931D1}"
EndProject
Project("{FAE04EC0-301F-11D3-BF4B-00C04F79EFBC}") = "ATM_API.tests", "..\ATM_API.tests\ATM_API.tests.csproj", "{675FF1CE-A751-45A4-AF09-869A4E7C5F2A}"
EndProject
Project("{2150E333-8FDC-42A3-9474-1A3956D46DE8}") = "Solution Items", "Solution Items", "{8EC462FD-D22E-90A8-E5CE-7E832BA40C5D}"
	ProjectSection(SolutionItems) = preProject
		.gitignore = .gitignore
		Readme.md = Readme.md
	EndProjectSection
EndProject
Global
	GlobalSection(SolutionConfigurationPlatforms) = preSolution
		Debug|Any CPU = Debug|Any CPU
		Release|Any CPU = Release|Any CPU
	EndGlobalSection
	GlobalSection(ProjectConfigurationPlatforms) = postSolution
		{FD006349-A508-48AB-94D2-2ADF6B5931D1}.Debug|Any CPU.ActiveCfg = Debug|Any CPU
		{FD006349-A508-48AB-94D2-2ADF6B5931D1}.Debug|Any CPU.Build.0 = Debug|Any CPU
		{FD006349-A508-48AB-94D2-2ADF6B5931D1}.Release|Any CPU.ActiveCfg = Release|Any CPU
		{FD006349-A508-48AB-94D2-2ADF6B5931D1}.Release|Any CPU.Build.0 = Release|Any CPU
		{675FF1CE-A751-45A4-AF09-869A4E7C5F2A}.Debug|Any CPU.ActiveCfg = Debug|Any CPU
		{675FF1CE-A751-45A4-AF09-869A4E7C5F2A}.Debug|Any CPU.Build.0 = Debug|Any CPU
		{675FF1CE-A751-45A4-AF09-869A4E7C5F2A}.Release|Any CPU.ActiveCfg = Release|Any CPU
		{675FF1CE-A751-45A4-AF09-869A4E7C5F2A}.Release|Any CPU.Build.0 = Release|Any CPU
	EndGlobalSection
	GlobalSection(SolutionProperties) = preSolution
		HideSolutionNode = FALSE
	EndGlobalSection
	GlobalSection(ExtensibilityGlobals) = postSolution
		SolutionGuid = {C5A70174-9699-4629-B3EC-FA2798DFE3BF}
	EndGlobalSection
EndGlobal
